
Microsoft Visual Studio Solution File, Format Version 12.00
# Visual Studio Version 16
VisualStudioVersion = 16.0.34601.136
MinimumVisualStudioVersion = 10.0.40219.1
Project("{FAE04EC0-301F-11D3-BF4B-00C04F79EFBC}") = "n_defa_merhaba_fonksiyon", "n_defa_merhaba_fonksiyon.csproj", "{2CD0B1B0-8CE7-4D1A-A7FB-F56B8FF63919}"
EndProject
Global
	GlobalSection(SolutionConfigurationPlatforms) = preSolution
		Debug|Any CPU = Debug|Any CPU
		Release|Any CPU = Release|Any CPU
	EndGlobalSection
	GlobalSection(ProjectConfigurationPlatforms) = postSolution
		{2CD0B1B0-8CE7-4D1A-A7FB-F56B8FF63919}.Debug|Any CPU.ActiveCfg = Debug|Any CPU
		{2CD0B1B0-8CE7-4D1A-A7FB-F56B8FF63919}.Debug|Any CPU.Build.0 = Debug|Any CPU
		{2CD0B1B0-8CE7-4D1A-A7FB-F56B8FF63919}.Release|Any CPU.ActiveCfg = Release|Any CPU
		{2CD0B1B0-8CE7-4D1A-A7FB-F56B8FF63919}.Release|Any CPU.Build.0 = Release|Any CPU
	EndGlobalSection
	GlobalSection(SolutionProperties) = preSolution
		HideSolutionNode = FALSE
	EndGlobalSection
	GlobalSection(ExtensibilityGlobals) = postSolution
		SolutionGuid = {6D241513-E484-4C7F-9777-3D00BC554B33}
	EndGlobalSection
EndGlobal
