
Microsoft Visual Studio Solution File, Format Version 12.00
# Visual Studio Version 16
VisualStudioVersion = 16.0.34601.136
MinimumVisualStudioVersion = 10.0.40219.1
Project("{FAE04EC0-301F-11D3-BF4B-00C04F79EFBC}") = "kare_metodu", "kare_metodu.csproj", "{1B6D7043-5D06-42FC-8671-1E8B0D0A13D9}"
EndProject
Global
	GlobalSection(SolutionConfigurationPlatforms) = preSolution
		Debug|Any CPU = Debug|Any CPU
		Release|Any CPU = Release|Any CPU
	EndGlobalSection
	GlobalSection(ProjectConfigurationPlatforms) = postSolution
		{1B6D7043-5D06-42FC-8671-1E8B0D0A13D9}.Debug|Any CPU.ActiveCfg = Debug|Any CPU
		{1B6D7043-5D06-42FC-8671-1E8B0D0A13D9}.Debug|Any CPU.Build.0 = Debug|Any CPU
		{1B6D7043-5D06-42FC-8671-1E8B0D0A13D9}.Release|Any CPU.ActiveCfg = Release|Any CPU
		{1B6D7043-5D06-42FC-8671-1E8B0D0A13D9}.Release|Any CPU.Build.0 = Release|Any CPU
	EndGlobalSection
	GlobalSection(SolutionProperties) = preSolution
		HideSolutionNode = FALSE
	EndGlobalSection
	GlobalSection(ExtensibilityGlobals) = postSolution
		SolutionGuid = {FA29F767-FDA9-43A4-9F61-CF9360AF06B7}
	EndGlobalSection
EndGlobal
