
Microsoft Visual Studio Solution File, Format Version 12.00
# Visual Studio Version 16
VisualStudioVersion = 16.0.34601.136
MinimumVisualStudioVersion = 10.0.40219.1
Project("{FAE04EC0-301F-11D3-BF4B-00C04F79EFBC}") = "ucgen_kenar_uzunluklari", "ucgen_kenar_uzunluklari.csproj", "{97C2810F-D806-4BA1-8A78-9E4DA16351B3}"
EndProject
Global
	GlobalSection(SolutionConfigurationPlatforms) = preSolution
		Debug|Any CPU = Debug|Any CPU
		Release|Any CPU = Release|Any CPU
	EndGlobalSection
	GlobalSection(ProjectConfigurationPlatforms) = postSolution
		{97C2810F-D806-4BA1-8A78-9E4DA16351B3}.Debug|Any CPU.ActiveCfg = Debug|Any CPU
		{97C2810F-D806-4BA1-8A78-9E4DA16351B3}.Debug|Any CPU.Build.0 = Debug|Any CPU
		{97C2810F-D806-4BA1-8A78-9E4DA16351B3}.Release|Any CPU.ActiveCfg = Release|Any CPU
		{97C2810F-D806-4BA1-8A78-9E4DA16351B3}.Release|Any CPU.Build.0 = Release|Any CPU
	EndGlobalSection
	GlobalSection(SolutionProperties) = preSolution
		HideSolutionNode = FALSE
	EndGlobalSection
	GlobalSection(ExtensibilityGlobals) = postSolution
		SolutionGuid = {59DEE66F-128D-45A6-B0DD-F0DC9D3DD91B}
	EndGlobalSection
EndGlobal
