
Microsoft Visual Studio Solution File, Format Version 12.00
# Visual Studio Version 16
VisualStudioVersion = 16.0.34601.136
MinimumVisualStudioVersion = 10.0.40219.1
Project("{FAE04EC0-301F-11D3-BF4B-00C04F79EFBC}") = "tek_bilinmeyenli_denklem", "tek_bilinmeyenli_denklem.csproj", "{3DA819B4-25FE-4376-8DBC-BEF11DB8B4B1}"
EndProject
Global
	GlobalSection(SolutionConfigurationPlatforms) = preSolution
		Debug|Any CPU = Debug|Any CPU
		Release|Any CPU = Release|Any CPU
	EndGlobalSection
	GlobalSection(ProjectConfigurationPlatforms) = postSolution
		{3DA819B4-25FE-4376-8DBC-BEF11DB8B4B1}.Debug|Any CPU.ActiveCfg = Debug|Any CPU
		{3DA819B4-25FE-4376-8DBC-BEF11DB8B4B1}.Debug|Any CPU.Build.0 = Debug|Any CPU
		{3DA819B4-25FE-4376-8DBC-BEF11DB8B4B1}.Release|Any CPU.ActiveCfg = Release|Any CPU
		{3DA819B4-25FE-4376-8DBC-BEF11DB8B4B1}.Release|Any CPU.Build.0 = Release|Any CPU
	EndGlobalSection
	GlobalSection(SolutionProperties) = preSolution
		HideSolutionNode = FALSE
	EndGlobalSection
	GlobalSection(ExtensibilityGlobals) = postSolution
		SolutionGuid = {B6316DC0-3251-4609-A293-3329C7A9237E}
	EndGlobalSection
EndGlobal
