
Microsoft Visual Studio Solution File, Format Version 12.00
# Visual Studio Version 16
VisualStudioVersion = 16.0.34601.136
MinimumVisualStudioVersion = 10.0.40219.1
Project("{FAE04EC0-301F-11D3-BF4B-00C04F79EFBC}") = "n_adet_sayinin_ortalamasi", "n_adet_sayinin_ortalamasi.csproj", "{B67EC160-8021-4BC2-8401-7D8C5B55C1BF}"
EndProject
Global
	GlobalSection(SolutionConfigurationPlatforms) = preSolution
		Debug|Any CPU = Debug|Any CPU
		Release|Any CPU = Release|Any CPU
	EndGlobalSection
	GlobalSection(ProjectConfigurationPlatforms) = postSolution
		{B67EC160-8021-4BC2-8401-7D8C5B55C1BF}.Debug|Any CPU.ActiveCfg = Debug|Any CPU
		{B67EC160-8021-4BC2-8401-7D8C5B55C1BF}.Debug|Any CPU.Build.0 = Debug|Any CPU
		{B67EC160-8021-4BC2-8401-7D8C5B55C1BF}.Release|Any CPU.ActiveCfg = Release|Any CPU
		{B67EC160-8021-4BC2-8401-7D8C5B55C1BF}.Release|Any CPU.Build.0 = Release|Any CPU
	EndGlobalSection
	GlobalSection(SolutionProperties) = preSolution
		HideSolutionNode = FALSE
	EndGlobalSection
	GlobalSection(ExtensibilityGlobals) = postSolution
		SolutionGuid = {77E5D67A-A84C-4378-818B-3ECB722C3EBB}
	EndGlobalSection
EndGlobal
