
Microsoft Visual Studio Solution File, Format Version 12.00
# Visual Studio Version 16
VisualStudioVersion = 16.0.34601.136
MinimumVisualStudioVersion = 10.0.40219.1
Project("{FAE04EC0-301F-11D3-BF4B-00C04F79EFBC}") = "dizilerde_matematiksel_islemler", "dizilerde_matematiksel_islemler.csproj", "{B2DB983A-00FD-44FC-9BE4-63009136EFB3}"
EndProject
Global
	GlobalSection(SolutionConfigurationPlatforms) = preSolution
		Debug|Any CPU = Debug|Any CPU
		Release|Any CPU = Release|Any CPU
	EndGlobalSection
	GlobalSection(ProjectConfigurationPlatforms) = postSolution
		{B2DB983A-00FD-44FC-9BE4-63009136EFB3}.Debug|Any CPU.ActiveCfg = Debug|Any CPU
		{B2DB983A-00FD-44FC-9BE4-63009136EFB3}.Debug|Any CPU.Build.0 = Debug|Any CPU
		{B2DB983A-00FD-44FC-9BE4-63009136EFB3}.Release|Any CPU.ActiveCfg = Release|Any CPU
		{B2DB983A-00FD-44FC-9BE4-63009136EFB3}.Release|Any CPU.Build.0 = Release|Any CPU
	EndGlobalSection
	GlobalSection(SolutionProperties) = preSolution
		HideSolutionNode = FALSE
	EndGlobalSection
	GlobalSection(ExtensibilityGlobals) = postSolution
		SolutionGuid = {E666371E-7A80-443B-A79C-F81B83D07AA4}
	EndGlobalSection
EndGlobal
