
Microsoft Visual Studio Solution File, Format Version 12.00
# Visual Studio Version 16
VisualStudioVersion = 16.0.34601.136
MinimumVisualStudioVersion = 10.0.40219.1
Project("{FAE04EC0-301F-11D3-BF4B-00C04F79EFBC}") = "konsol_oku_metodu", "konsol_oku_metodu.csproj", "{109400A5-FF72-4F17-8A13-792052E24767}"
EndProject
Global
	GlobalSection(SolutionConfigurationPlatforms) = preSolution
		Debug|Any CPU = Debug|Any CPU
		Release|Any CPU = Release|Any CPU
	EndGlobalSection
	GlobalSection(ProjectConfigurationPlatforms) = postSolution
		{109400A5-FF72-4F17-8A13-792052E24767}.Debug|Any CPU.ActiveCfg = Debug|Any CPU
		{109400A5-FF72-4F17-8A13-792052E24767}.Debug|Any CPU.Build.0 = Debug|Any CPU
		{109400A5-FF72-4F17-8A13-792052E24767}.Release|Any CPU.ActiveCfg = Release|Any CPU
		{109400A5-FF72-4F17-8A13-792052E24767}.Release|Any CPU.Build.0 = Release|Any CPU
	EndGlobalSection
	GlobalSection(SolutionProperties) = preSolution
		HideSolutionNode = FALSE
	EndGlobalSection
	GlobalSection(ExtensibilityGlobals) = postSolution
		SolutionGuid = {4A1602AD-8536-483E-A5FC-CA4D6204170B}
	EndGlobalSection
EndGlobal
