
Microsoft Visual Studio Solution File, Format Version 12.00
# Visual Studio Version 16
VisualStudioVersion = 16.0.34601.136
MinimumVisualStudioVersion = 10.0.40219.1
Project("{FAE04EC0-301F-11D3-BF4B-00C04F79EFBC}") = "girilen_iki_sayinin_toplami", "girilen_iki_sayinin_toplami.csproj", "{470FD803-29D7-4BC4-940F-C5B33F293D04}"
EndProject
Global
	GlobalSection(SolutionConfigurationPlatforms) = preSolution
		Debug|Any CPU = Debug|Any CPU
		Release|Any CPU = Release|Any CPU
	EndGlobalSection
	GlobalSection(ProjectConfigurationPlatforms) = postSolution
		{470FD803-29D7-4BC4-940F-C5B33F293D04}.Debug|Any CPU.ActiveCfg = Debug|Any CPU
		{470FD803-29D7-4BC4-940F-C5B33F293D04}.Debug|Any CPU.Build.0 = Debug|Any CPU
		{470FD803-29D7-4BC4-940F-C5B33F293D04}.Release|Any CPU.ActiveCfg = Release|Any CPU
		{470FD803-29D7-4BC4-940F-C5B33F293D04}.Release|Any CPU.Build.0 = Release|Any CPU
	EndGlobalSection
	GlobalSection(SolutionProperties) = preSolution
		HideSolutionNode = FALSE
	EndGlobalSection
	GlobalSection(ExtensibilityGlobals) = postSolution
		SolutionGuid = {EDBCA4D9-F922-477C-9159-3D74CC997892}
	EndGlobalSection
EndGlobal
