
Microsoft Visual Studio Solution File, Format Version 12.00
# Visual Studio Version 16
VisualStudioVersion = 16.0.34601.136
MinimumVisualStudioVersion = 10.0.40219.1
Project("{FAE04EC0-301F-11D3-BF4B-00C04F79EFBC}") = "sayi_tahmin_oyunu", "sayi_tahmin_oyunu.csproj", "{ADC83387-C280-4DC0-9DD7-AD66A122EBED}"
EndProject
Global
	GlobalSection(SolutionConfigurationPlatforms) = preSolution
		Debug|Any CPU = Debug|Any CPU
		Release|Any CPU = Release|Any CPU
	EndGlobalSection
	GlobalSection(ProjectConfigurationPlatforms) = postSolution
		{ADC83387-C280-4DC0-9DD7-AD66A122EBED}.Debug|Any CPU.ActiveCfg = Debug|Any CPU
		{ADC83387-C280-4DC0-9DD7-AD66A122EBED}.Debug|Any CPU.Build.0 = Debug|Any CPU
		{ADC83387-C280-4DC0-9DD7-AD66A122EBED}.Release|Any CPU.ActiveCfg = Release|Any CPU
		{ADC83387-C280-4DC0-9DD7-AD66A122EBED}.Release|Any CPU.Build.0 = Release|Any CPU
	EndGlobalSection
	GlobalSection(SolutionProperties) = preSolution
		HideSolutionNode = FALSE
	EndGlobalSection
	GlobalSection(ExtensibilityGlobals) = postSolution
		SolutionGuid = {DCB3F1A9-0374-40CE-8FA2-F46B34CE785F}
	EndGlobalSection
EndGlobal
