
Microsoft Visual Studio Solution File, Format Version 12.00
# Visual Studio Version 16
VisualStudioVersion = 16.0.34601.136
MinimumVisualStudioVersion = 10.0.40219.1
Project("{FAE04EC0-301F-11D3-BF4B-00C04F79EFBC}") = "math_sinifi_ile_matematiksel_metotlar", "math_sinifi_ile_matematiksel_metotlar.csproj", "{B0081559-3121-4589-963F-DC4CF76FA768}"
EndProject
Global
	GlobalSection(SolutionConfigurationPlatforms) = preSolution
		Debug|Any CPU = Debug|Any CPU
		Release|Any CPU = Release|Any CPU
	EndGlobalSection
	GlobalSection(ProjectConfigurationPlatforms) = postSolution
		{B0081559-3121-4589-963F-DC4CF76FA768}.Debug|Any CPU.ActiveCfg = Debug|Any CPU
		{B0081559-3121-4589-963F-DC4CF76FA768}.Debug|Any CPU.Build.0 = Debug|Any CPU
		{B0081559-3121-4589-963F-DC4CF76FA768}.Release|Any CPU.ActiveCfg = Release|Any CPU
		{B0081559-3121-4589-963F-DC4CF76FA768}.Release|Any CPU.Build.0 = Release|Any CPU
	EndGlobalSection
	GlobalSection(SolutionProperties) = preSolution
		HideSolutionNode = FALSE
	EndGlobalSection
	GlobalSection(ExtensibilityGlobals) = postSolution
		SolutionGuid = {39BACD1F-7FEE-4417-A731-E82EBA4341E2}
	EndGlobalSection
EndGlobal
